
Microsoft Visual Studio Solution File, Format Version 12.00
# Visual Studio Version 17
VisualStudioVersion = 17.4.33213.308
MinimumVisualStudioVersion = 10.0.40219.1
Project("{FAE04EC0-301F-11D3-BF4B-00C04F79EFBC}") = "RepositoryPatternWithUQW.Api", "RepositoryPatternWithUQW.Api\RepositoryPatternWithUQW.Api.csproj", "{03F01460-F67F-403D-8798-65F7A047C653}"
EndProject
Project("{FAE04EC0-301F-11D3-BF4B-00C04F79EFBC}") = "RepositoryPatternWithUQW.Core", "RepositoryPatternWithUQW.Core\RepositoryPatternWithUQW.Core.csproj", "{194702AC-168E-458D-A601-0A1655D8FC50}"
EndProject
Project("{FAE04EC0-301F-11D3-BF4B-00C04F79EFBC}") = "RepositoryPatternWithUQW.EF", "RepositoryPatternWithUQW.EF\RepositoryPatternWithUQW.EF.csproj", "{93842A19-3482-4987-8472-B5DC216F0785}"
EndProject
Global
	GlobalSection(SolutionConfigurationPlatforms) = preSolution
		Debug|Any CPU = Debug|Any CPU
		Release|Any CPU = Release|Any CPU
	EndGlobalSection
	GlobalSection(ProjectConfigurationPlatforms) = postSolution
		{03F01460-F67F-403D-8798-65F7A047C653}.Debug|Any CPU.ActiveCfg = Debug|Any CPU
		{03F01460-F67F-403D-8798-65F7A047C653}.Debug|Any CPU.Build.0 = Debug|Any CPU
		{03F01460-F67F-403D-8798-65F7A047C653}.Release|Any CPU.ActiveCfg = Release|Any CPU
		{03F01460-F67F-403D-8798-65F7A047C653}.Release|Any CPU.Build.0 = Release|Any CPU
		{194702AC-168E-458D-A601-0A1655D8FC50}.Debug|Any CPU.ActiveCfg = Debug|Any CPU
		{194702AC-168E-458D-A601-0A1655D8FC50}.Debug|Any CPU.Build.0 = Debug|Any CPU
		{194702AC-168E-458D-A601-0A1655D8FC50}.Release|Any CPU.ActiveCfg = Release|Any CPU
		{194702AC-168E-458D-A601-0A1655D8FC50}.Release|Any CPU.Build.0 = Release|Any CPU
		{93842A19-3482-4987-8472-B5DC216F0785}.Debug|Any CPU.ActiveCfg = Debug|Any CPU
		{93842A19-3482-4987-8472-B5DC216F0785}.Debug|Any CPU.Build.0 = Debug|Any CPU
		{93842A19-3482-4987-8472-B5DC216F0785}.Release|Any CPU.ActiveCfg = Release|Any CPU
		{93842A19-3482-4987-8472-B5DC216F0785}.Release|Any CPU.Build.0 = Release|Any CPU
	EndGlobalSection
	GlobalSection(SolutionProperties) = preSolution
		HideSolutionNode = FALSE
	EndGlobalSection
	GlobalSection(ExtensibilityGlobals) = postSolution
		SolutionGuid = {404BEDFE-DBE4-4BB5-B7C7-C2F0AF5C5529}
	EndGlobalSection
EndGlobal
